
Microsoft Visual Studio Solution File, Format Version 12.00
# Visual Studio 14
VisualStudioVersion = 14.0.23107.0
MinimumVisualStudioVersion = 10.0.40219.1
Project("{FAE04EC0-301F-11D3-BF4B-00C04F79EFBC}") = "SeniorCitizenCenterMod", "SeniorCitizenCenterMod\SeniorCitizenCenterMod.csproj", "{35D4211F-E897-401F-969E-7B6115A2F609}"
EndProject
Global
	GlobalSection(SolutionConfigurationPlatforms) = preSolution
		Debug|Any CPU = Debug|Any CPU
		Release|Any CPU = Release|Any CPU
	EndGlobalSection
	GlobalSection(ProjectConfigurationPlatforms) = postSolution
		{35D4211F-E897-401F-969E-7B6115A2F609}.Debug|Any CPU.ActiveCfg = Debug|Any CPU
		{35D4211F-E897-401F-969E-7B6115A2F609}.Debug|Any CPU.Build.0 = Debug|Any CPU
		{35D4211F-E897-401F-969E-7B6115A2F609}.Release|Any CPU.ActiveCfg = Release|Any CPU
		{35D4211F-E897-401F-969E-7B6115A2F609}.Release|Any CPU.Build.0 = Release|Any CPU
	EndGlobalSection
	GlobalSection(SolutionProperties) = preSolution
		HideSolutionNode = FALSE
	EndGlobalSection
EndGlobal
